Microsoft Visual Studio Solution File, Format Version 12.00
# Visual Studio Version 17
VisualStudioVersion = 17.0.31611.283
MinimumVisualStudioVersion = 10.0.40219.1
Project("{9A19103F-16F7-4668-BE54-9A1E7A4F7556}") = "MauiApp1", "MauiApp1\MauiApp1.csproj", "{10579E19-2F6A-47CC-8E8F-4F170BE61B5E}"
EndProject
Project("{9A19103F-16F7-4668-BE54-9A1E7A4F7556}") = "BlazorApp1", "BlazorApp1\BlazorApp1.csproj", "{5AD2CD15-EE20-4D4A-A78A-E9A5F541060A}"
EndProject
Project("{9A19103F-16F7-4668-BE54-9A1E7A4F7556}") = "RazorClassLibrary1", "RazorClassLibrary1\RazorClassLibrary1.csproj", "{25794AB9-B2F6-4FD2-97FE-0EF4FC124AE4}"
EndProject
Global
	GlobalSection(SolutionConfigurationPlatforms) = preSolution
		Debug|Any CPU = Debug|Any CPU
		Release|Any CPU = Release|Any CPU
	EndGlobalSection
	GlobalSection(ProjectConfigurationPlatforms) = postSolution
		{10579E19-2F6A-47CC-8E8F-4F170BE61B5E}.Debug|Any CPU.ActiveCfg = Debug|Any CPU
		{10579E19-2F6A-47CC-8E8F-4F170BE61B5E}.Debug|Any CPU.Build.0 = Debug|Any CPU
		{10579E19-2F6A-47CC-8E8F-4F170BE61B5E}.Debug|Any CPU.Deploy.0 = Debug|Any CPU
		{10579E19-2F6A-47CC-8E8F-4F170BE61B5E}.Release|Any CPU.ActiveCfg = Release|Any CPU
		{10579E19-2F6A-47CC-8E8F-4F170BE61B5E}.Release|Any CPU.Build.0 = Release|Any CPU
		{10579E19-2F6A-47CC-8E8F-4F170BE61B5E}.Release|Any CPU.Deploy.0 = Release|Any CPU
		{5AD2CD15-EE20-4D4A-A78A-E9A5F541060A}.Debug|Any CPU.ActiveCfg = Debug|Any CPU
		{5AD2CD15-EE20-4D4A-A78A-E9A5F541060A}.Debug|Any CPU.Build.0 = Debug|Any CPU
		{5AD2CD15-EE20-4D4A-A78A-E9A5F541060A}.Release|Any CPU.ActiveCfg = Release|Any CPU
		{5AD2CD15-EE20-4D4A-A78A-E9A5F541060A}.Release|Any CPU.Build.0 = Release|Any CPU
		{25794AB9-B2F6-4FD2-97FE-0EF4FC124AE4}.Debug|Any CPU.ActiveCfg = Debug|Any CPU
		{25794AB9-B2F6-4FD2-97FE-0EF4FC124AE4}.Debug|Any CPU.Build.0 = Debug|Any CPU
		{25794AB9-B2F6-4FD2-97FE-0EF4FC124AE4}.Release|Any CPU.ActiveCfg = Release|Any CPU
		{25794AB9-B2F6-4FD2-97FE-0EF4FC124AE4}.Release|Any CPU.Build.0 = Release|Any CPU
	EndGlobalSection
	GlobalSection(SolutionProperties) = preSolution
		HideSolutionNode = FALSE
	EndGlobalSection
	GlobalSection(ExtensibilityGlobals) = postSolution
		SolutionGuid = {61F7FB11-1E47-470C-91E2-47F8143E1572}
	EndGlobalSection
EndGlobal
